
Microsoft Visual Studio Solution File, Format Version 12.00
# Visual Studio Version 16
VisualStudioVersion = 16.0.30309.148
MinimumVisualStudioVersion = 10.0.40219.1
Project("{FAE04EC0-301F-11D3-BF4B-00C04F79EFBC}") = "5_1_Conditional_", "5_1_Conditional_\5_1_Conditional_.csproj", "{B11FBFEE-0883-40F7-8FC4-B90FC3960825}"
EndProject
Global
	GlobalSection(SolutionConfigurationPlatforms) = preSolution
		Debug|Any CPU = Debug|Any CPU
		Release|Any CPU = Release|Any CPU
	EndGlobalSection
	GlobalSection(ProjectConfigurationPlatforms) = postSolution
		{B11FBFEE-0883-40F7-8FC4-B90FC3960825}.Debug|Any CPU.ActiveCfg = Debug|Any CPU
		{B11FBFEE-0883-40F7-8FC4-B90FC3960825}.Debug|Any CPU.Build.0 = Debug|Any CPU
		{B11FBFEE-0883-40F7-8FC4-B90FC3960825}.Release|Any CPU.ActiveCfg = Release|Any CPU
		{B11FBFEE-0883-40F7-8FC4-B90FC3960825}.Release|Any CPU.Build.0 = Release|Any CPU
	EndGlobalSection
	GlobalSection(SolutionProperties) = preSolution
		HideSolutionNode = FALSE
	EndGlobalSection
	GlobalSection(ExtensibilityGlobals) = postSolution
		SolutionGuid = {419196F9-7F48-4BED-B72E-CEF378FFFF66}
	EndGlobalSection
EndGlobal
