
Microsoft Visual Studio Solution File, Format Version 12.00
# Visual Studio Version 16
VisualStudioVersion = 16.0.30309.148
MinimumVisualStudioVersion = 10.0.40219.1
Project("{FAE04EC0-301F-11D3-BF4B-00C04F79EFBC}") = "7_Enums", "7_Enums.csproj", "{59D8279C-A908-4CAB-86EE-C86E58AB6651}"
EndProject
Global
	GlobalSection(SolutionConfigurationPlatforms) = preSolution
		Debug|Any CPU = Debug|Any CPU
		Release|Any CPU = Release|Any CPU
	EndGlobalSection
	GlobalSection(ProjectConfigurationPlatforms) = postSolution
		{59D8279C-A908-4CAB-86EE-C86E58AB6651}.Debug|Any CPU.ActiveCfg = Debug|Any CPU
		{59D8279C-A908-4CAB-86EE-C86E58AB6651}.Debug|Any CPU.Build.0 = Debug|Any CPU
		{59D8279C-A908-4CAB-86EE-C86E58AB6651}.Release|Any CPU.ActiveCfg = Release|Any CPU
		{59D8279C-A908-4CAB-86EE-C86E58AB6651}.Release|Any CPU.Build.0 = Release|Any CPU
	EndGlobalSection
	GlobalSection(SolutionProperties) = preSolution
		HideSolutionNode = FALSE
	EndGlobalSection
	GlobalSection(ExtensibilityGlobals) = postSolution
		SolutionGuid = {D0661C88-F3E9-4E1F-A908-F00695C1B738}
	EndGlobalSection
EndGlobal
