
Microsoft Visual Studio Solution File, Format Version 12.00
# Visual Studio Version 16
VisualStudioVersion = 16.0.30309.148
MinimumVisualStudioVersion = 10.0.40219.1
Project("{FAE04EC0-301F-11D3-BF4B-00C04F79EFBC}") = "9_Reference_Type", "9_Reference_Type.csproj", "{7156DC56-D93A-4B7F-9B2E-9E267B7C799C}"
EndProject
Global
	GlobalSection(SolutionConfigurationPlatforms) = preSolution
		Debug|Any CPU = Debug|Any CPU
		Release|Any CPU = Release|Any CPU
	EndGlobalSection
	GlobalSection(ProjectConfigurationPlatforms) = postSolution
		{7156DC56-D93A-4B7F-9B2E-9E267B7C799C}.Debug|Any CPU.ActiveCfg = Debug|Any CPU
		{7156DC56-D93A-4B7F-9B2E-9E267B7C799C}.Debug|Any CPU.Build.0 = Debug|Any CPU
		{7156DC56-D93A-4B7F-9B2E-9E267B7C799C}.Release|Any CPU.ActiveCfg = Release|Any CPU
		{7156DC56-D93A-4B7F-9B2E-9E267B7C799C}.Release|Any CPU.Build.0 = Release|Any CPU
	EndGlobalSection
	GlobalSection(SolutionProperties) = preSolution
		HideSolutionNode = FALSE
	EndGlobalSection
	GlobalSection(ExtensibilityGlobals) = postSolution
		SolutionGuid = {0904F64E-6787-43C3-A28C-A456F32FBC4F}
	EndGlobalSection
EndGlobal
